
Microsoft Visual Studio Solution File, Format Version 12.00
# Visual Studio 15
VisualStudioVersion = 15.0.27004.2009
MinimumVisualStudioVersion = 10.0.40219.1
Project("{FAE04EC0-301F-11D3-BF4B-00C04F79EFBC}") = "Stack", "Stack\Stack.csproj", "{3AEAB6D9-410D-4924-9102-E9A8D76AD235}"
EndProject
Global
	GlobalSection(SolutionConfigurationPlatforms) = preSolution
		Debug|Any CPU = Debug|Any CPU
		Release|Any CPU = Release|Any CPU
	EndGlobalSection
	GlobalSection(ProjectConfigurationPlatforms) = postSolution
		{3AEAB6D9-410D-4924-9102-E9A8D76AD235}.Debug|Any CPU.ActiveCfg = Debug|Any CPU
		{3AEAB6D9-410D-4924-9102-E9A8D76AD235}.Debug|Any CPU.Build.0 = Debug|Any CPU
		{3AEAB6D9-410D-4924-9102-E9A8D76AD235}.Release|Any CPU.ActiveCfg = Release|Any CPU
		{3AEAB6D9-410D-4924-9102-E9A8D76AD235}.Release|Any CPU.Build.0 = Release|Any CPU
	EndGlobalSection
	GlobalSection(SolutionProperties) = preSolution
		HideSolutionNode = FALSE
	EndGlobalSection
	GlobalSection(ExtensibilityGlobals) = postSolution
		SolutionGuid = {391829E7-2DD6-47FD-9999-89AC8198F4AB}
	EndGlobalSection
EndGlobal
