
Microsoft Visual Studio Solution File, Format Version 12.00
# Visual Studio 15
VisualStudioVersion = 15.0.26730.12
MinimumVisualStudioVersion = 10.0.40219.1
Project("{FAE04EC0-301F-11D3-BF4B-00C04F79EFBC}") = "Dvostruka Ciklicna lista", "Dvostruka Ciklicna lista\Dvostruka Ciklicna lista.csproj", "{CE80B836-F013-4DB9-8EBE-6DFE9B6EB467}"
EndProject
Global
	GlobalSection(SolutionConfigurationPlatforms) = preSolution
		Debug|Any CPU = Debug|Any CPU
		Release|Any CPU = Release|Any CPU
	EndGlobalSection
	GlobalSection(ProjectConfigurationPlatforms) = postSolution
		{CE80B836-F013-4DB9-8EBE-6DFE9B6EB467}.Debug|Any CPU.ActiveCfg = Debug|Any CPU
		{CE80B836-F013-4DB9-8EBE-6DFE9B6EB467}.Debug|Any CPU.Build.0 = Debug|Any CPU
		{CE80B836-F013-4DB9-8EBE-6DFE9B6EB467}.Release|Any CPU.ActiveCfg = Release|Any CPU
		{CE80B836-F013-4DB9-8EBE-6DFE9B6EB467}.Release|Any CPU.Build.0 = Release|Any CPU
	EndGlobalSection
	GlobalSection(SolutionProperties) = preSolution
		HideSolutionNode = FALSE
	EndGlobalSection
	GlobalSection(ExtensibilityGlobals) = postSolution
		SolutionGuid = {52CAE03C-85CE-4ED7-BF39-F66DDC74C3EE}
	EndGlobalSection
EndGlobal
